
Microsoft Visual Studio Solution File, Format Version 12.00
# Visual Studio Version 17
VisualStudioVersion = 17.0.31919.166
MinimumVisualStudioVersion = 10.0.40219.1
Project("{FAE04EC0-301F-11D3-BF4B-00C04F79EFBC}") = "GitHubMonitorApp", "GitHubMonitorApp\GitHubMonitorApp.csproj", "{86E42E29-75D0-44A6-B441-45CE7669A829}"
EndProject
Global
	GlobalSection(SolutionConfigurationPlatforms) = preSolution
		Debug|Any CPU = Debug|Any CPU
		Release|Any CPU = Release|Any CPU
	EndGlobalSection
	GlobalSection(ProjectConfigurationPlatforms) = postSolution
		{86E42E29-75D0-44A6-B441-45CE7669A829}.Debug|Any CPU.ActiveCfg = Debug|Any CPU
		{86E42E29-75D0-44A6-B441-45CE7669A829}.Debug|Any CPU.Build.0 = Debug|Any CPU
		{86E42E29-75D0-44A6-B441-45CE7669A829}.Release|Any CPU.ActiveCfg = Release|Any CPU
		{86E42E29-75D0-44A6-B441-45CE7669A829}.Release|Any CPU.Build.0 = Release|Any CPU
	EndGlobalSection
	GlobalSection(SolutionProperties) = preSolution
		HideSolutionNode = FALSE
	EndGlobalSection
	GlobalSection(ExtensibilityGlobals) = postSolution
		SolutionGuid = {64C5B094-2805-493F-A54F-E010F918A07F}
	EndGlobalSection
EndGlobal
